
Microsoft Visual Studio Solution File, Format Version 12.00
# Visual Studio Version 17
VisualStudioVersion = 17.5.33502.453
MinimumVisualStudioVersion = 10.0.40219.1
Project("{2150E333-8FDC-42A3-9474-1A3956D46DE8}") = "Internal", "Internal", "{160EC939-3C54-4A69-9D0C-36C779B5D9A0}"
	ProjectSection(SolutionItems) = preProject
		Internal\.editorconfig = Internal\.editorconfig
	EndProjectSection
EndProject
Project("{2150E333-8FDC-42A3-9474-1A3956D46DE8}") = "Scripts", "Scripts", "{20CF973B-BB66-4023-941D-1738385E8F04}"
EndProject
Project("{2150E333-8FDC-42A3-9474-1A3956D46DE8}") = "Dlls", "Dlls", "{5CA6AE9E-833C-49C8-9E12-C36A17FFA44F}"
	ProjectSection(SolutionItems) = preProject
		Dlls\ABOUT.md = Dlls\ABOUT.md
	EndProjectSection
EndProject
Project("{2150E333-8FDC-42A3-9474-1A3956D46DE8}") = "CompanionFiles", "CompanionFiles", "{A4453574-CF15-4793-970E-4AFC5FC3CCFB}"
EndProject
Project("{2150E333-8FDC-42A3-9474-1A3956D46DE8}") = "Skyline DataMiner", "Skyline DataMiner", "{D120AF8C-5897-4AC1-A8DE-E351B83821EA}"
	ProjectSection(SolutionItems) = preProject
		CompanionFiles\Skyline DataMiner\AboutThisFolder.md = CompanionFiles\Skyline DataMiner\AboutThisFolder.md
	EndProjectSection
EndProject
Project("{2150E333-8FDC-42A3-9474-1A3956D46DE8}") = "Documentation", "Documentation", "{2C88E904-2DFD-43FC-A51B-0BEC246C8681}"
	ProjectSection(SolutionItems) = preProject
		Documentation\ABOUT.md = Documentation\ABOUT.md
		README.md = README.md
	EndProjectSection
EndProject
Project("{2150E333-8FDC-42A3-9474-1A3956D46DE8}") = "Tests", "Tests", "{F8938D60-51A0-4880-9CFC-19C66379BB5D}"
EndProject
Project("{2150E333-8FDC-42A3-9474-1A3956D46DE8}") = "Code Analysis", "Code Analysis", "{FC7DDAC9-EE15-4412-833F-A263FFB5209C}"
	ProjectSection(SolutionItems) = preProject
		Internal\Code Analysis\qaction-debug.ruleset = Internal\Code Analysis\qaction-debug.ruleset
		Internal\Code Analysis\qaction-release.ruleset = Internal\Code Analysis\qaction-release.ruleset
		Internal\Code Analysis\stylecop.json = Internal\Code Analysis\stylecop.json
	EndProjectSection
EndProject
Project("{2150E333-8FDC-42A3-9474-1A3956D46DE8}") = "META Alarm Detection", "META Alarm Detection", "{47651763-82BA-4879-85F0-06E326F258F2}"
	ProjectSection(SolutionItems) = preProject
		META Alarm Detection.xml = META Alarm Detection.xml
	EndProjectSection
EndProject
Project("{2150E333-8FDC-42A3-9474-1A3956D46DE8}") = "Actions", "Actions", "{7C0F76CB-7472-4194-84C6-6DC07B63AE4D}"
EndProject
Project("{9A19103F-16F7-4668-BE54-9A1E7A4F7556}") = "META Alarm Detection_1", "META Alarm Detection_1\META Alarm Detection_1.csproj", "{3801D85E-3A36-4877-81E2-0D0411DB01D5}"
EndProject
Global
	GlobalSection(SolutionConfigurationPlatforms) = preSolution
		Debug|Any CPU = Debug|Any CPU
		Release|Any CPU = Release|Any CPU
	EndGlobalSection
	GlobalSection(ProjectConfigurationPlatforms) = postSolution
		{3801D85E-3A36-4877-81E2-0D0411DB01D5}.Debug|Any CPU.ActiveCfg = Debug|Any CPU
		{3801D85E-3A36-4877-81E2-0D0411DB01D5}.Debug|Any CPU.Build.0 = Debug|Any CPU
		{3801D85E-3A36-4877-81E2-0D0411DB01D5}.Release|Any CPU.ActiveCfg = Release|Any CPU
		{3801D85E-3A36-4877-81E2-0D0411DB01D5}.Release|Any CPU.Build.0 = Release|Any CPU
	EndGlobalSection
	GlobalSection(SolutionProperties) = preSolution
		HideSolutionNode = FALSE
	EndGlobalSection
	GlobalSection(NestedProjects) = preSolution
		{D120AF8C-5897-4AC1-A8DE-E351B83821EA} = {A4453574-CF15-4793-970E-4AFC5FC3CCFB}
		{FC7DDAC9-EE15-4412-833F-A263FFB5209C} = {160EC939-3C54-4A69-9D0C-36C779B5D9A0}
		{47651763-82BA-4879-85F0-06E326F258F2} = {20CF973B-BB66-4023-941D-1738385E8F04}
		{7C0F76CB-7472-4194-84C6-6DC07B63AE4D} = {47651763-82BA-4879-85F0-06E326F258F2}
		{3801D85E-3A36-4877-81E2-0D0411DB01D5} = {7C0F76CB-7472-4194-84C6-6DC07B63AE4D}
	EndGlobalSection
	GlobalSection(ExtensibilityGlobals) = postSolution
		SolutionGuid = {4A0456D1-2664-4AEE-A16D-D9117526E27F}
	EndGlobalSection
EndGlobal
